
Microsoft Visual Studio Solution File, Format Version 12.00
# Visual Studio Version 17
VisualStudioVersion = 17.10.35122.118
MinimumVisualStudioVersion = 10.0.40219.1
Project("{9A19103F-16F7-4668-BE54-9A1E7A4F7556}") = "OopConcepts", "OopConcepts\OopConcepts.csproj", "{9684ED5B-E42F-47A6-A34F-B6A21D6D4921}"
EndProject
Project("{9A19103F-16F7-4668-BE54-9A1E7A4F7556}") = "EncapsulationConcepts", "EncapsulationConcepts\EncapsulationConcepts.csproj", "{548A995E-5E2B-4C9C-8AEA-D0D049C144E7}"
EndProject
Project("{9A19103F-16F7-4668-BE54-9A1E7A4F7556}") = "BankOperations", "BankOperations\BankOperations.csproj", "{344C64D3-B695-4A0E-8931-FBD8EDEC7B8D}"
EndProject
Project("{9A19103F-16F7-4668-BE54-9A1E7A4F7556}") = "InheritanceConcepts", "InheritanceConcepts\InheritanceConcepts.csproj", "{B5CBD2B2-E97A-439A-8063-18FD4EE74D84}"
EndProject
Project("{2150E333-8FDC-42A3-9474-1A3956D46DE8}") = "01_OOPConcepts", "01_OOPConcepts", "{24F04F89-9B29-40F2-B990-AAACAE4D7C2C}"
EndProject
Project("{2150E333-8FDC-42A3-9474-1A3956D46DE8}") = "02_EncapsulationConcepts", "02_EncapsulationConcepts", "{B27EDA09-D467-4DB1-8F07-3B5AC4734444}"
EndProject
Project("{2150E333-8FDC-42A3-9474-1A3956D46DE8}") = "03_InheritanceConcepts", "03_InheritanceConcepts", "{F5F26518-C4FC-42C7-A144-B5839C423312}"
EndProject
Project("{9A19103F-16F7-4668-BE54-9A1E7A4F7556}") = "PolymorphismConcepts", "PolymorphismConcepts\PolymorphismConcepts.csproj", "{8A535DDB-CD1F-41A6-9CB1-353B7C17A38C}"
EndProject
Project("{2150E333-8FDC-42A3-9474-1A3956D46DE8}") = "04_PolymorphismConcepts", "04_PolymorphismConcepts", "{EFFBB7D2-A538-42A8-BB8A-34913A05D65D}"
EndProject
Project("{9A19103F-16F7-4668-BE54-9A1E7A4F7556}") = "PropertiesConcepts", "PropertiesConcepts\PropertiesConcepts.csproj", "{4AB5637B-8750-49D1-882C-7F87ECC8D0E9}"
EndProject
Project("{2150E333-8FDC-42A3-9474-1A3956D46DE8}") = "05_PropertiesConcepts", "05_PropertiesConcepts", "{56FEB8E5-1CC4-4594-B7A1-6C830BF429BD}"
EndProject
Project("{2150E333-8FDC-42A3-9474-1A3956D46DE8}") = "06_Operator_Overloading", "06_Operator_Overloading", "{41E30951-D146-42B3-80A9-0F95B95A4E32}"
EndProject
Project("{9A19103F-16F7-4668-BE54-9A1E7A4F7556}") = "OperatorOverloadingConcepts", "OperatorOverloadingConcepts\OperatorOverloadingConcepts.csproj", "{D16BF43A-73BE-479F-91DB-99165585CEEB}"
EndProject
Project("{2150E333-8FDC-42A3-9474-1A3956D46DE8}") = "07_Abstract_Classes", "07_Abstract_Classes", "{078B3ED3-35CB-4B7D-B88D-C58615165FC0}"
EndProject
Project("{9A19103F-16F7-4668-BE54-9A1E7A4F7556}") = "AbstractClassesConcepts", "AbstractClassesConcepts\AbstractClassesConcepts.csproj", "{05491908-14F6-468F-84F1-A6179232C44A}"
EndProject
Project("{2150E333-8FDC-42A3-9474-1A3956D46DE8}") = "08_InterfaceConcepts", "08_InterfaceConcepts", "{4B619C06-FD80-4F22-A580-8A1E176B5CD8}"
EndProject
Project("{9A19103F-16F7-4668-BE54-9A1E7A4F7556}") = "InterfaceConcepts", "InterfaceConcepts\InterfaceConcepts.csproj", "{5ABAC968-3AEE-4FA5-9F73-33DB254487CD}"
EndProject
Project("{2150E333-8FDC-42A3-9474-1A3956D46DE8}") = "09_Constustor", "09_Constustor", "{8E972B00-20D2-4013-B923-B9565EB3FE84}"
EndProject
Project("{FAE04EC0-301F-11D3-BF4B-00C04F79EFBC}") = "ConstructorConcepts", "ConstuctorConcepts\ConstructorConcepts.csproj", "{EFEA78CC-B03C-4023-80C7-3DDC86BE32AA}"
EndProject
Project("{2150E333-8FDC-42A3-9474-1A3956D46DE8}") = "10_StaticMembersConcepts", "10_StaticMembersConcepts", "{73187338-ED59-4C9E-8927-21E2730A1DCC}"
EndProject
Project("{FAE04EC0-301F-11D3-BF4B-00C04F79EFBC}") = "StaticMembersConcepts", "StaticMembersConcepts\StaticMembersConcepts.csproj", "{FAC693B0-72E4-4BC3-8322-42504E038CD2}"
EndProject
Project("{2150E333-8FDC-42A3-9474-1A3956D46DE8}") = "11_IndexersConcepts", "11_IndexersConcepts", "{CA7CEBE5-CAEE-45C9-A533-1E9EA294EAC6}"
EndProject
Project("{FAE04EC0-301F-11D3-BF4B-00C04F79EFBC}") = "IndexersConcepts", "IndexersConcepts\IndexersConcepts.csproj", "{B208EE09-C742-4E16-8217-742A314E79F7}"
EndProject
Project("{2150E333-8FDC-42A3-9474-1A3956D46DE8}") = "12_DelegatesAndEventsConcepts", "12_DelegatesAndEventsConcepts", "{391C619E-C3D0-419E-BEDA-402505245589}"
EndProject
Project("{FAE04EC0-301F-11D3-BF4B-00C04F79EFBC}") = "DelegatesAndEventsConcepts", "DelegatesAndEventsConcepts\DelegatesAndEventsConcepts.csproj", "{22CC341C-FC83-4A00-AA2C-BF3309190DAC}"
EndProject
Project("{2150E333-8FDC-42A3-9474-1A3956D46DE8}") = "13_GenericsConcepts", "13_GenericsConcepts", "{BE952E3F-BC1A-4DFC-9EDC-6F496BF4674D}"
EndProject
Project("{FAE04EC0-301F-11D3-BF4B-00C04F79EFBC}") = "GenericsConcepts", "GenericsConcepts\GenericsConcepts.csproj", "{E2761E05-736B-4A48-A328-D65D3F02D464}"
EndProject
Project("{2150E333-8FDC-42A3-9474-1A3956D46DE8}") = "14_FunctionalConcepts", "14_FunctionalConcepts", "{7B45616A-7703-4B82-938C-967EC102AE09}"
EndProject
Project("{FAE04EC0-301F-11D3-BF4B-00C04F79EFBC}") = "FunctionalConcepts", "FunctionalConcepts\FunctionalConcepts.csproj", "{7210D5D5-F068-40B0-B165-C5ABF5596FBE}"
EndProject
Project("{FAE04EC0-301F-11D3-BF4B-00C04F79EFBC}") = "AnonymousMethodsAndTypes", "AnonymousMethodsAndTypes\AnonymousMethodsAndTypes.csproj", "{85ACD649-BCFA-46D0-854F-BB8452D40733}"
EndProject
Project("{2150E333-8FDC-42A3-9474-1A3956D46DE8}") = "15_AnonymousMethodsAndTypes", "15_AnonymousMethodsAndTypes", "{D64B3BD7-4706-4EE6-9E58-B7AAC6FBF9E4}"
EndProject
Project("{2150E333-8FDC-42A3-9474-1A3956D46DE8}") = "16_AdvancedLINQConcepts", "16_AdvancedLINQConcepts", "{1B883A87-113B-44ED-B70C-9B1CF45C58B6}"
EndProject
Project("{FAE04EC0-301F-11D3-BF4B-00C04F79EFBC}") = "AdvancedLINQConcepts", "AdvancedLINQConcepts\AdvancedLINQConcepts.csproj", "{BF89A10A-9F3A-4B6E-BF00-6A3012BACCF9}"
EndProject
Project("{2150E333-8FDC-42A3-9474-1A3956D46DE8}") = "17_PartialConcepts", "17_PartialConcepts", "{57710988-705C-4774-B793-C67E9DFE854F}"
EndProject
Project("{FAE04EC0-301F-11D3-BF4B-00C04F79EFBC}") = "PartialConcepts", "PartialConcepts\PartialConcepts.csproj", "{779AF5B4-4D4B-489F-9EF7-8B98AB64403E}"
EndProject
Project("{2150E333-8FDC-42A3-9474-1A3956D46DE8}") = "18_NewLanguageFeatures", "18_NewLanguageFeatures", "{5E8BB19B-5520-4F53-9234-0C91C9E1871C}"
EndProject
Project("{FAE04EC0-301F-11D3-BF4B-00C04F79EFBC}") = "NewLanguageFeatures", "NewLanguageFeatures\NewLanguageFeatures.csproj", "{E5294FDB-0283-416B-B426-9EFBECBC6A56}"
EndProject
Project("{2150E333-8FDC-42A3-9474-1A3956D46DE8}") = "19_NullableConcepts", "19_NullableConcepts", "{39119A8F-7644-4CA7-B0E0-806939C7F6C0}"
EndProject
Project("{FAE04EC0-301F-11D3-BF4B-00C04F79EFBC}") = "NullableConcepts", "NullableConcepts\NullableConcepts.csproj", "{CE41F29F-12C6-4F88-A72E-D7D7B1022FDC}"
EndProject
Project("{2150E333-8FDC-42A3-9474-1A3956D46DE8}") = "20_ExtensionMethodsConcepts", "20_ExtensionMethodsConcepts", "{D7F9F481-A8CE-4999-8125-9A18583627A3}"
EndProject
Project("{FAE04EC0-301F-11D3-BF4B-00C04F79EFBC}") = "ExtensionMethodsConcepts", "ExtensionMethodsConcepts\ExtensionMethodsConcepts.csproj", "{DECAD510-A0DB-4118-BDB8-7B8748E4C20D}"
EndProject
Project("{2150E333-8FDC-42A3-9474-1A3956D46DE8}") = "21_ExceptionHandlingConcepts", "21_ExceptionHandlingConcepts", "{4E60F91D-735E-49E4-A977-23D9CB8B885E}"
EndProject
Project("{FAE04EC0-301F-11D3-BF4B-00C04F79EFBC}") = "ExceptionHandlingConcepts", "ExceptionHandlingConcepts\ExceptionHandlingConcepts.csproj", "{1445B52E-2D94-435D-A390-539A0020CE06}"
EndProject
Project("{2150E333-8FDC-42A3-9474-1A3956D46DE8}") = "22_NewKeywordsConcepts", "22_NewKeywordsConcepts", "{5C09E052-82BC-4A70-ABCA-709CC7952712}"
EndProject
Project("{FAE04EC0-301F-11D3-BF4B-00C04F79EFBC}") = "NewKeywordsConcepts", "NewKeywordsConcepts\NewKeywordsConcepts.csproj", "{320BF69A-3DB7-4FFA-B0BA-B21360DE5E25}"
EndProject
Project("{2150E333-8FDC-42A3-9474-1A3956D46DE8}") = "23_ConversionConcepts", "23_ConversionConcepts", "{0E35DAF0-4444-449A-A1B0-293187486972}"
EndProject
Project("{FAE04EC0-301F-11D3-BF4B-00C04F79EFBC}") = "ConversionConcepts", "ConversionConcepts\ConversionConcepts.csproj", "{1BE62582-7843-41D6-B37D-EF35570584B8}"
EndProject
Project("{2150E333-8FDC-42A3-9474-1A3956D46DE8}") = "24_CustomAttributesAndReflection", "24_CustomAttributesAndReflection", "{8E7F5D0E-9E37-4B7F-A8C9-7C642784D9E7}"
EndProject
Project("{FAE04EC0-301F-11D3-BF4B-00C04F79EFBC}") = "CustomAttributesAndReflection", "CustomAttributesAndReflection\CustomAttributesAndReflection.csproj", "{7805DB9C-CADC-4FDB-8853-43077AAF40A1}"
EndProject
Project("{2150E333-8FDC-42A3-9474-1A3956D46DE8}") = "25_MemoryManagementConcepts", "25_MemoryManagementConcepts", "{4FBDC747-D5C1-4358-8922-168CCE6FBC92}"
EndProject
Project("{FAE04EC0-301F-11D3-BF4B-00C04F79EFBC}") = "MemoryManagementConcepts", "MemoryManagementConcepts\MemoryManagementConcepts.csproj", "{A2D0DFDA-DF46-4406-9D3D-A9706799F9C2}"
EndProject
Global
	GlobalSection(SolutionConfigurationPlatforms) = preSolution
		Debug|Any CPU = Debug|Any CPU
		Release|Any CPU = Release|Any CPU
	EndGlobalSection
	GlobalSection(ProjectConfigurationPlatforms) = postSolution
		{9684ED5B-E42F-47A6-A34F-B6A21D6D4921}.Debug|Any CPU.ActiveCfg = Debug|Any CPU
		{9684ED5B-E42F-47A6-A34F-B6A21D6D4921}.Debug|Any CPU.Build.0 = Debug|Any CPU
		{9684ED5B-E42F-47A6-A34F-B6A21D6D4921}.Release|Any CPU.ActiveCfg = Release|Any CPU
		{9684ED5B-E42F-47A6-A34F-B6A21D6D4921}.Release|Any CPU.Build.0 = Release|Any CPU
		{548A995E-5E2B-4C9C-8AEA-D0D049C144E7}.Debug|Any CPU.ActiveCfg = Debug|Any CPU
		{548A995E-5E2B-4C9C-8AEA-D0D049C144E7}.Debug|Any CPU.Build.0 = Debug|Any CPU
		{548A995E-5E2B-4C9C-8AEA-D0D049C144E7}.Release|Any CPU.ActiveCfg = Release|Any CPU
		{548A995E-5E2B-4C9C-8AEA-D0D049C144E7}.Release|Any CPU.Build.0 = Release|Any CPU
		{344C64D3-B695-4A0E-8931-FBD8EDEC7B8D}.Debug|Any CPU.ActiveCfg = Debug|Any CPU
		{344C64D3-B695-4A0E-8931-FBD8EDEC7B8D}.Debug|Any CPU.Build.0 = Debug|Any CPU
		{344C64D3-B695-4A0E-8931-FBD8EDEC7B8D}.Release|Any CPU.ActiveCfg = Release|Any CPU
		{344C64D3-B695-4A0E-8931-FBD8EDEC7B8D}.Release|Any CPU.Build.0 = Release|Any CPU
		{B5CBD2B2-E97A-439A-8063-18FD4EE74D84}.Debug|Any CPU.ActiveCfg = Debug|Any CPU
		{B5CBD2B2-E97A-439A-8063-18FD4EE74D84}.Debug|Any CPU.Build.0 = Debug|Any CPU
		{B5CBD2B2-E97A-439A-8063-18FD4EE74D84}.Release|Any CPU.ActiveCfg = Release|Any CPU
		{B5CBD2B2-E97A-439A-8063-18FD4EE74D84}.Release|Any CPU.Build.0 = Release|Any CPU
		{8A535DDB-CD1F-41A6-9CB1-353B7C17A38C}.Debug|Any CPU.ActiveCfg = Debug|Any CPU
		{8A535DDB-CD1F-41A6-9CB1-353B7C17A38C}.Debug|Any CPU.Build.0 = Debug|Any CPU
		{8A535DDB-CD1F-41A6-9CB1-353B7C17A38C}.Release|Any CPU.ActiveCfg = Release|Any CPU
		{8A535DDB-CD1F-41A6-9CB1-353B7C17A38C}.Release|Any CPU.Build.0 = Release|Any CPU
		{4AB5637B-8750-49D1-882C-7F87ECC8D0E9}.Debug|Any CPU.ActiveCfg = Debug|Any CPU
		{4AB5637B-8750-49D1-882C-7F87ECC8D0E9}.Debug|Any CPU.Build.0 = Debug|Any CPU
		{4AB5637B-8750-49D1-882C-7F87ECC8D0E9}.Release|Any CPU.ActiveCfg = Release|Any CPU
		{4AB5637B-8750-49D1-882C-7F87ECC8D0E9}.Release|Any CPU.Build.0 = Release|Any CPU
		{D16BF43A-73BE-479F-91DB-99165585CEEB}.Debug|Any CPU.ActiveCfg = Debug|Any CPU
		{D16BF43A-73BE-479F-91DB-99165585CEEB}.Debug|Any CPU.Build.0 = Debug|Any CPU
		{D16BF43A-73BE-479F-91DB-99165585CEEB}.Release|Any CPU.ActiveCfg = Release|Any CPU
		{D16BF43A-73BE-479F-91DB-99165585CEEB}.Release|Any CPU.Build.0 = Release|Any CPU
		{05491908-14F6-468F-84F1-A6179232C44A}.Debug|Any CPU.ActiveCfg = Debug|Any CPU
		{05491908-14F6-468F-84F1-A6179232C44A}.Debug|Any CPU.Build.0 = Debug|Any CPU
		{05491908-14F6-468F-84F1-A6179232C44A}.Release|Any CPU.ActiveCfg = Release|Any CPU
		{05491908-14F6-468F-84F1-A6179232C44A}.Release|Any CPU.Build.0 = Release|Any CPU
		{5ABAC968-3AEE-4FA5-9F73-33DB254487CD}.Debug|Any CPU.ActiveCfg = Debug|Any CPU
		{5ABAC968-3AEE-4FA5-9F73-33DB254487CD}.Debug|Any CPU.Build.0 = Debug|Any CPU
		{5ABAC968-3AEE-4FA5-9F73-33DB254487CD}.Release|Any CPU.ActiveCfg = Release|Any CPU
		{5ABAC968-3AEE-4FA5-9F73-33DB254487CD}.Release|Any CPU.Build.0 = Release|Any CPU
		{EFEA78CC-B03C-4023-80C7-3DDC86BE32AA}.Debug|Any CPU.ActiveCfg = Debug|Any CPU
		{EFEA78CC-B03C-4023-80C7-3DDC86BE32AA}.Debug|Any CPU.Build.0 = Debug|Any CPU
		{EFEA78CC-B03C-4023-80C7-3DDC86BE32AA}.Release|Any CPU.ActiveCfg = Release|Any CPU
		{EFEA78CC-B03C-4023-80C7-3DDC86BE32AA}.Release|Any CPU.Build.0 = Release|Any CPU
		{FAC693B0-72E4-4BC3-8322-42504E038CD2}.Debug|Any CPU.ActiveCfg = Debug|Any CPU
		{FAC693B0-72E4-4BC3-8322-42504E038CD2}.Debug|Any CPU.Build.0 = Debug|Any CPU
		{FAC693B0-72E4-4BC3-8322-42504E038CD2}.Release|Any CPU.ActiveCfg = Release|Any CPU
		{FAC693B0-72E4-4BC3-8322-42504E038CD2}.Release|Any CPU.Build.0 = Release|Any CPU
		{B208EE09-C742-4E16-8217-742A314E79F7}.Debug|Any CPU.ActiveCfg = Debug|Any CPU
		{B208EE09-C742-4E16-8217-742A314E79F7}.Debug|Any CPU.Build.0 = Debug|Any CPU
		{B208EE09-C742-4E16-8217-742A314E79F7}.Release|Any CPU.ActiveCfg = Release|Any CPU
		{B208EE09-C742-4E16-8217-742A314E79F7}.Release|Any CPU.Build.0 = Release|Any CPU
		{22CC341C-FC83-4A00-AA2C-BF3309190DAC}.Debug|Any CPU.ActiveCfg = Debug|Any CPU
		{22CC341C-FC83-4A00-AA2C-BF3309190DAC}.Debug|Any CPU.Build.0 = Debug|Any CPU
		{22CC341C-FC83-4A00-AA2C-BF3309190DAC}.Release|Any CPU.ActiveCfg = Release|Any CPU
		{22CC341C-FC83-4A00-AA2C-BF3309190DAC}.Release|Any CPU.Build.0 = Release|Any CPU
		{E2761E05-736B-4A48-A328-D65D3F02D464}.Debug|Any CPU.ActiveCfg = Debug|Any CPU
		{E2761E05-736B-4A48-A328-D65D3F02D464}.Debug|Any CPU.Build.0 = Debug|Any CPU
		{E2761E05-736B-4A48-A328-D65D3F02D464}.Release|Any CPU.ActiveCfg = Release|Any CPU
		{E2761E05-736B-4A48-A328-D65D3F02D464}.Release|Any CPU.Build.0 = Release|Any CPU
		{7210D5D5-F068-40B0-B165-C5ABF5596FBE}.Debug|Any CPU.ActiveCfg = Debug|Any CPU
		{7210D5D5-F068-40B0-B165-C5ABF5596FBE}.Debug|Any CPU.Build.0 = Debug|Any CPU
		{7210D5D5-F068-40B0-B165-C5ABF5596FBE}.Release|Any CPU.ActiveCfg = Release|Any CPU
		{7210D5D5-F068-40B0-B165-C5ABF5596FBE}.Release|Any CPU.Build.0 = Release|Any CPU
		{85ACD649-BCFA-46D0-854F-BB8452D40733}.Debug|Any CPU.ActiveCfg = Debug|Any CPU
		{85ACD649-BCFA-46D0-854F-BB8452D40733}.Debug|Any CPU.Build.0 = Debug|Any CPU
		{85ACD649-BCFA-46D0-854F-BB8452D40733}.Release|Any CPU.ActiveCfg = Release|Any CPU
		{85ACD649-BCFA-46D0-854F-BB8452D40733}.Release|Any CPU.Build.0 = Release|Any CPU
		{BF89A10A-9F3A-4B6E-BF00-6A3012BACCF9}.Debug|Any CPU.ActiveCfg = Debug|Any CPU
		{BF89A10A-9F3A-4B6E-BF00-6A3012BACCF9}.Debug|Any CPU.Build.0 = Debug|Any CPU
		{BF89A10A-9F3A-4B6E-BF00-6A3012BACCF9}.Release|Any CPU.ActiveCfg = Release|Any CPU
		{BF89A10A-9F3A-4B6E-BF00-6A3012BACCF9}.Release|Any CPU.Build.0 = Release|Any CPU
		{779AF5B4-4D4B-489F-9EF7-8B98AB64403E}.Debug|Any CPU.ActiveCfg = Debug|Any CPU
		{779AF5B4-4D4B-489F-9EF7-8B98AB64403E}.Debug|Any CPU.Build.0 = Debug|Any CPU
		{779AF5B4-4D4B-489F-9EF7-8B98AB64403E}.Release|Any CPU.ActiveCfg = Release|Any CPU
		{779AF5B4-4D4B-489F-9EF7-8B98AB64403E}.Release|Any CPU.Build.0 = Release|Any CPU
		{E5294FDB-0283-416B-B426-9EFBECBC6A56}.Debug|Any CPU.ActiveCfg = Debug|Any CPU
		{E5294FDB-0283-416B-B426-9EFBECBC6A56}.Debug|Any CPU.Build.0 = Debug|Any CPU
		{E5294FDB-0283-416B-B426-9EFBECBC6A56}.Release|Any CPU.ActiveCfg = Release|Any CPU
		{E5294FDB-0283-416B-B426-9EFBECBC6A56}.Release|Any CPU.Build.0 = Release|Any CPU
		{CE41F29F-12C6-4F88-A72E-D7D7B1022FDC}.Debug|Any CPU.ActiveCfg = Debug|Any CPU
		{CE41F29F-12C6-4F88-A72E-D7D7B1022FDC}.Debug|Any CPU.Build.0 = Debug|Any CPU
		{CE41F29F-12C6-4F88-A72E-D7D7B1022FDC}.Release|Any CPU.ActiveCfg = Release|Any CPU
		{CE41F29F-12C6-4F88-A72E-D7D7B1022FDC}.Release|Any CPU.Build.0 = Release|Any CPU
		{DECAD510-A0DB-4118-BDB8-7B8748E4C20D}.Debug|Any CPU.ActiveCfg = Debug|Any CPU
		{DECAD510-A0DB-4118-BDB8-7B8748E4C20D}.Debug|Any CPU.Build.0 = Debug|Any CPU
		{DECAD510-A0DB-4118-BDB8-7B8748E4C20D}.Release|Any CPU.ActiveCfg = Release|Any CPU
		{DECAD510-A0DB-4118-BDB8-7B8748E4C20D}.Release|Any CPU.Build.0 = Release|Any CPU
		{1445B52E-2D94-435D-A390-539A0020CE06}.Debug|Any CPU.ActiveCfg = Debug|Any CPU
		{1445B52E-2D94-435D-A390-539A0020CE06}.Debug|Any CPU.Build.0 = Debug|Any CPU
		{1445B52E-2D94-435D-A390-539A0020CE06}.Release|Any CPU.ActiveCfg = Release|Any CPU
		{1445B52E-2D94-435D-A390-539A0020CE06}.Release|Any CPU.Build.0 = Release|Any CPU
		{320BF69A-3DB7-4FFA-B0BA-B21360DE5E25}.Debug|Any CPU.ActiveCfg = Debug|Any CPU
		{320BF69A-3DB7-4FFA-B0BA-B21360DE5E25}.Debug|Any CPU.Build.0 = Debug|Any CPU
		{320BF69A-3DB7-4FFA-B0BA-B21360DE5E25}.Release|Any CPU.ActiveCfg = Release|Any CPU
		{320BF69A-3DB7-4FFA-B0BA-B21360DE5E25}.Release|Any CPU.Build.0 = Release|Any CPU
		{1BE62582-7843-41D6-B37D-EF35570584B8}.Debug|Any CPU.ActiveCfg = Debug|Any CPU
		{1BE62582-7843-41D6-B37D-EF35570584B8}.Debug|Any CPU.Build.0 = Debug|Any CPU
		{1BE62582-7843-41D6-B37D-EF35570584B8}.Release|Any CPU.ActiveCfg = Release|Any CPU
		{1BE62582-7843-41D6-B37D-EF35570584B8}.Release|Any CPU.Build.0 = Release|Any CPU
		{7805DB9C-CADC-4FDB-8853-43077AAF40A1}.Debug|Any CPU.ActiveCfg = Debug|Any CPU
		{7805DB9C-CADC-4FDB-8853-43077AAF40A1}.Debug|Any CPU.Build.0 = Debug|Any CPU
		{7805DB9C-CADC-4FDB-8853-43077AAF40A1}.Release|Any CPU.ActiveCfg = Release|Any CPU
		{7805DB9C-CADC-4FDB-8853-43077AAF40A1}.Release|Any CPU.Build.0 = Release|Any CPU
		{A2D0DFDA-DF46-4406-9D3D-A9706799F9C2}.Debug|Any CPU.ActiveCfg = Debug|Any CPU
		{A2D0DFDA-DF46-4406-9D3D-A9706799F9C2}.Debug|Any CPU.Build.0 = Debug|Any CPU
		{A2D0DFDA-DF46-4406-9D3D-A9706799F9C2}.Release|Any CPU.ActiveCfg = Release|Any CPU
		{A2D0DFDA-DF46-4406-9D3D-A9706799F9C2}.Release|Any CPU.Build.0 = Release|Any CPU
	EndGlobalSection
	GlobalSection(SolutionProperties) = preSolution
		HideSolutionNode = FALSE
	EndGlobalSection
	GlobalSection(NestedProjects) = preSolution
		{9684ED5B-E42F-47A6-A34F-B6A21D6D4921} = {24F04F89-9B29-40F2-B990-AAACAE4D7C2C}
		{548A995E-5E2B-4C9C-8AEA-D0D049C144E7} = {B27EDA09-D467-4DB1-8F07-3B5AC4734444}
		{344C64D3-B695-4A0E-8931-FBD8EDEC7B8D} = {B27EDA09-D467-4DB1-8F07-3B5AC4734444}
		{B5CBD2B2-E97A-439A-8063-18FD4EE74D84} = {F5F26518-C4FC-42C7-A144-B5839C423312}
		{8A535DDB-CD1F-41A6-9CB1-353B7C17A38C} = {EFFBB7D2-A538-42A8-BB8A-34913A05D65D}
		{4AB5637B-8750-49D1-882C-7F87ECC8D0E9} = {56FEB8E5-1CC4-4594-B7A1-6C830BF429BD}
		{D16BF43A-73BE-479F-91DB-99165585CEEB} = {41E30951-D146-42B3-80A9-0F95B95A4E32}
		{05491908-14F6-468F-84F1-A6179232C44A} = {078B3ED3-35CB-4B7D-B88D-C58615165FC0}
		{5ABAC968-3AEE-4FA5-9F73-33DB254487CD} = {4B619C06-FD80-4F22-A580-8A1E176B5CD8}
		{EFEA78CC-B03C-4023-80C7-3DDC86BE32AA} = {8E972B00-20D2-4013-B923-B9565EB3FE84}
		{FAC693B0-72E4-4BC3-8322-42504E038CD2} = {73187338-ED59-4C9E-8927-21E2730A1DCC}
		{B208EE09-C742-4E16-8217-742A314E79F7} = {CA7CEBE5-CAEE-45C9-A533-1E9EA294EAC6}
		{22CC341C-FC83-4A00-AA2C-BF3309190DAC} = {391C619E-C3D0-419E-BEDA-402505245589}
		{E2761E05-736B-4A48-A328-D65D3F02D464} = {BE952E3F-BC1A-4DFC-9EDC-6F496BF4674D}
		{7210D5D5-F068-40B0-B165-C5ABF5596FBE} = {7B45616A-7703-4B82-938C-967EC102AE09}
		{85ACD649-BCFA-46D0-854F-BB8452D40733} = {D64B3BD7-4706-4EE6-9E58-B7AAC6FBF9E4}
		{BF89A10A-9F3A-4B6E-BF00-6A3012BACCF9} = {1B883A87-113B-44ED-B70C-9B1CF45C58B6}
		{779AF5B4-4D4B-489F-9EF7-8B98AB64403E} = {57710988-705C-4774-B793-C67E9DFE854F}
		{E5294FDB-0283-416B-B426-9EFBECBC6A56} = {5E8BB19B-5520-4F53-9234-0C91C9E1871C}
		{CE41F29F-12C6-4F88-A72E-D7D7B1022FDC} = {39119A8F-7644-4CA7-B0E0-806939C7F6C0}
		{DECAD510-A0DB-4118-BDB8-7B8748E4C20D} = {D7F9F481-A8CE-4999-8125-9A18583627A3}
		{1445B52E-2D94-435D-A390-539A0020CE06} = {4E60F91D-735E-49E4-A977-23D9CB8B885E}
		{320BF69A-3DB7-4FFA-B0BA-B21360DE5E25} = {5C09E052-82BC-4A70-ABCA-709CC7952712}
		{1BE62582-7843-41D6-B37D-EF35570584B8} = {0E35DAF0-4444-449A-A1B0-293187486972}
		{7805DB9C-CADC-4FDB-8853-43077AAF40A1} = {8E7F5D0E-9E37-4B7F-A8C9-7C642784D9E7}
		{A2D0DFDA-DF46-4406-9D3D-A9706799F9C2} = {4FBDC747-D5C1-4358-8922-168CCE6FBC92}
	EndGlobalSection
	GlobalSection(ExtensibilityGlobals) = postSolution
		SolutionGuid = {24AB2C82-D9E4-416A-9B5B-71C547ECD771}
	EndGlobalSection
EndGlobal
